# THIS IS AN AUTOGENERATED FILE. DO NOT EDIT THIS FILE DIRECTLY.
# yarn lockfile v1


"@ant-design/colors@^6.0.0":
  "integrity" "sha512-qAZRvPzfdWHtfameEGP2Qvuf838NhergR35o+EuVyB5XvSA98xod5r4utvi4TJ3ywmevm290g9nsCG5MryrdWQ=="
  "resolved" "https://registry.npmjs.org/@ant-design/colors/-/colors-6.0.0.tgz"
  "version" "6.0.0"
  dependencies:
    "@ctrl/tinycolor" "^3.4.0"

"@ant-design/cssinjs@^1.3.0":
  "integrity" "sha512-WQt7hb+PRM62lyL1VmknaH9C1l9zPjQ2kzB24ZrPX5IXJTUlKZueXYLpg8tmcaj3GAr4eLHy8fDWb0Qxsjp5TQ=="
  "resolved" "https://registry.npmjs.org/@ant-design/cssinjs/-/cssinjs-1.3.2.tgz"
  "version" "1.3.2"
  dependencies:
    "@babel/runtime" "^7.11.1"
    "@emotion/hash" "^0.8.0"
    "@emotion/unitless" "^0.7.5"
    "classnames" "^2.3.1"
    "csstype" "^3.0.10"
    "rc-util" "^5.27.0"
    "stylis" "^4.0.13"

"@ant-design/icons-svg@^4.2.1":
  "integrity" "sha512-EB0iwlKDGpG93hW8f85CTJTs4SvMX7tt5ceupvhALp1IF44SeUFOMhKUOYqpsoYWQKAOuTRDMqn75rEaKDp0Xw=="
  "resolved" "https://registry.npmjs.org/@ant-design/icons-svg/-/icons-svg-4.2.1.tgz"
  "version" "4.2.1"

"@ant-design/icons@^4.7.0":
  "integrity" "sha512-T89P2jG2vM7OJ0IfGx2+9FC5sQjtTzRSz+mCHTXkFn/ELZc2YpfStmYHmqzq2Jx55J0F7+O6i5/ZKFSVNWCKNg=="
  "resolved" "https://registry.npmjs.org/@ant-design/icons/-/icons-4.8.0.tgz"
  "version" "4.8.0"
  dependencies:
    "@ant-design/colors" "^6.0.0"
    "@ant-design/icons-svg" "^4.2.1"
    "@babel/runtime" "^7.11.2"
    "classnames" "^2.2.6"
    "rc-util" "^5.9.4"

"@ant-design/react-slick@~1.0.0":
  "integrity" "sha512-OKxZsn8TAf8fYxP79rDXgLs9zvKMTslK6dJ4iLhDXOujUqC5zJPBRszyrcEHXcMPOm1Sgk40JgyF3yiL/Swd7w=="
  "resolved" "https://registry.npmjs.org/@ant-design/react-slick/-/react-slick-1.0.0.tgz"
  "version" "1.0.0"
  dependencies:
    "@babel/runtime" "^7.10.4"
    "classnames" "^2.2.5"
    "json2mq" "^0.2.0"
    "resize-observer-polyfill" "^1.5.1"
    "throttle-debounce" "^5.0.0"

"@babel/runtime@^7.10.1", "@babel/runtime@^7.10.4", "@babel/runtime@^7.11.1", "@babel/runtime@^7.11.2", "@babel/runtime@^7.12.5", "@babel/runtime@^7.16.7", "@babel/runtime@^7.18.0", "@babel/runtime@^7.18.3", "@babel/runtime@^7.20.0", "@babel/runtime@^7.20.6", "@babel/runtime@^7.20.7":
  "integrity" "sha512-UF0tvkUtxwAgZ5W/KrkHf0Rn0fdnLDU9ScxBrEVNUprE/MzirjK4MJUX1/BVDv00Sv8cljtukVK1aky++X1SjQ=="
  "resolved" "https://registry.npmjs.org/@babel/runtime/-/runtime-7.20.7.tgz"
  "version" "7.20.7"
  dependencies:
    "regenerator-runtime" "^0.13.11"

"@ctrl/tinycolor@^3.4.0":
  "integrity" "sha512-tlJpwF40DEQcfR/QF+wNMVyGMaO9FQp6Z1Wahj4Gk3CJQYHwA2xVG7iKDFdW6zuxZY9XWOpGcfNCTsX4McOsOg=="
  "resolved" "https://registry.npmjs.org/@ctrl/tinycolor/-/tinycolor-3.5.0.tgz"
  "version" "3.5.0"

"@emotion/hash@^0.8.0":
  "integrity" "sha512-kBJtf7PH6aWwZ6fka3zQ0p6SBYzx4fl1LoZXE2RrnYST9Xljm7WfKJrU4g/Xr3Beg72MLrp1AWNUmuYJTL7Cow=="
  "resolved" "https://registry.npmjs.org/@emotion/hash/-/hash-0.8.0.tgz"
  "version" "0.8.0"

"@emotion/unitless@^0.7.5":
  "integrity" "sha512-OWORNpfjMsSSUBVrRBVGECkhWcULOAJz9ZW8uK9qgxD+87M7jHRcvh/A96XXNhXTLmKcoYSQtBEX7lHMO7YRwg=="
  "resolved" "https://registry.npmjs.org/@emotion/unitless/-/unitless-0.7.5.tgz"
  "version" "0.7.5"

"@next/env@13.1.1":
  "integrity" "sha512-vFMyXtPjSAiOXOywMojxfKIqE3VWN5RCAx+tT3AS3pcKjMLFTCJFUWsKv8hC+87Z1F4W3r68qTwDFZIFmd5Xkw=="
  "resolved" "https://registry.npmjs.org/@next/env/-/env-13.1.1.tgz"
  "version" "13.1.1"

"@next/swc-win32-x64-msvc@13.1.1":
  "integrity" "sha512-mVF0/3/5QAc5EGVnb8ll31nNvf3BWpPY4pBb84tk+BfQglWLqc5AC9q1Ht/YMWiEgs8ALNKEQ3GQnbY0bJF2Gg=="
  "resolved" "https://registry.npmjs.org/@next/swc-win32-x64-msvc/-/swc-win32-x64-msvc-13.1.1.tgz"
  "version" "13.1.1"

"@rc-component/mini-decimal@^1.0.1":
  "integrity" "sha512-9N8nRk0oKj1qJzANKl+n9eNSMUGsZtjwNuDCiZ/KA+dt1fE3zq5x2XxclRcAbOIXnZcJ53ozP2Pa60gyELXagA=="
  "resolved" "https://registry.npmjs.org/@rc-component/mini-decimal/-/mini-decimal-1.0.1.tgz"
  "version" "1.0.1"
  dependencies:
    "@babel/runtime" "^7.18.0"

"@rc-component/portal@^1.0.0-6", "@rc-component/portal@^1.0.0-8", "@rc-component/portal@^1.0.0-9", "@rc-component/portal@^1.0.2":
  "integrity" "sha512-tbXM9SB1r5FOuZjRCljERFByFiEUcMmCWMXLog/NmgCzlAzreXyf23Vei3ZpSMxSMavzPnhCovfZjZdmxS3d1w=="
  "resolved" "https://registry.npmjs.org/@rc-component/portal/-/portal-1.1.0.tgz"
  "version" "1.1.0"
  dependencies:
    "@babel/runtime" "^7.18.0"
    "classnames" "^2.3.2"
    "rc-util" "^5.24.4"

"@rc-component/tour@~1.1.0":
  "integrity" "sha512-Cy45VnNEDq6DLF5eKonIflObDfofbPq7AJpSf18qLN+j9+wW+sNlRv3JnCMDUsCdhSlnM4+yJ1RMokKp9GCpOQ=="
  "resolved" "https://registry.npmjs.org/@rc-component/tour/-/tour-1.1.0.tgz"
  "version" "1.1.0"
  dependencies:
    "@babel/runtime" "^7.18.0"
    "@rc-component/portal" "^1.0.0-9"
    "classnames" "^2.3.2"
    "rc-trigger" "^5.3.4"
    "rc-util" "^5.24.4"

"@swc/helpers@0.4.14":
  "integrity" "sha512-4C7nX/dvpzB7za4Ql9K81xK3HPxCpHMgwTZVyf+9JQ6VUbn9jjZVN7/Nkdz/Ugzs2CSjqnL/UPXroiVBVHUWUw=="
  "resolved" "https://registry.npmjs.org/@swc/helpers/-/helpers-0.4.14.tgz"
  "version" "0.4.14"
  dependencies:
    "tslib" "^2.4.0"

"@types/hoist-non-react-statics@^3.3.1":
  "integrity" "sha512-iMIqiko6ooLrTh1joXodJK5X9xeEALT1kM5G3ZLhD3hszxBdIEd5C75U834D9mLcINgD4OyZf5uQXjkuYydWvA=="
  "resolved" "https://registry.npmjs.org/@types/hoist-non-react-statics/-/hoist-non-react-statics-3.3.1.tgz"
  "version" "3.3.1"
  dependencies:
    "@types/react" "*"
    "hoist-non-react-statics" "^3.3.0"

"@types/prop-types@*":
  "integrity" "sha512-JCB8C6SnDoQf0cNycqd/35A7MjcnK+ZTqE7judS6o7utxUCg6imJg3QK2qzHKszlTjcj2cn+NwMB2i96ubpj7w=="
  "resolved" "https://registry.npmjs.org/@types/prop-types/-/prop-types-15.7.5.tgz"
  "version" "15.7.5"

"@types/react@*":
  "integrity" "sha512-3vtRKHgVxu3Jp9t718R9BuzoD4NcQ8YJ5XRzsSKxNDiDonD2MXIT1TmSkenxuCycZJoQT5d2vE8LwWJxBC1gmA=="
  "resolved" "https://registry.npmjs.org/@types/react/-/react-18.0.27.tgz"
  "version" "18.0.27"
  dependencies:
    "@types/prop-types" "*"
    "@types/scheduler" "*"
    "csstype" "^3.0.2"

"@types/scheduler@*":
  "integrity" "sha512-hppQEBDmlwhFAXKJX2KnWLYu5yMfi91yazPb2l+lbJiwW+wdo1gNeRA+3RgNSO39WYX2euey41KEwnqesU2Jew=="
  "resolved" "https://registry.npmjs.org/@types/scheduler/-/scheduler-0.16.2.tgz"
  "version" "0.16.2"

"antd@^5.1.2":
  "integrity" "sha512-B6R6Bm0jIOb6v3JhS4DLKghJWqX0OufCOy99+R6F7QtGjbV/0wG/0rqH3DiQ4BHNIHsL+SDUYti9o3cT28lPww=="
  "resolved" "https://registry.npmjs.org/antd/-/antd-5.1.2.tgz"
  "version" "5.1.2"
  dependencies:
    "@ant-design/colors" "^6.0.0"
    "@ant-design/cssinjs" "^1.3.0"
    "@ant-design/icons" "^4.7.0"
    "@ant-design/react-slick" "~1.0.0"
    "@babel/runtime" "^7.18.3"
    "@ctrl/tinycolor" "^3.4.0"
    "@rc-component/tour" "~1.1.0"
    "classnames" "^2.2.6"
    "copy-to-clipboard" "^3.2.0"
    "dayjs" "^1.11.1"
    "qrcode.react" "^3.1.0"
    "rc-cascader" "~3.8.0"
    "rc-checkbox" "~2.3.0"
    "rc-collapse" "~3.4.2"
    "rc-dialog" "~9.0.2"
    "rc-drawer" "~6.1.1"
    "rc-dropdown" "~4.0.0"
    "rc-field-form" "~1.27.0"
    "rc-image" "~5.13.0"
    "rc-input" "~0.1.4"
    "rc-input-number" "~7.4.0"
    "rc-mentions" "~1.13.1"
    "rc-menu" "~9.8.0"
    "rc-motion" "^2.6.1"
    "rc-notification" "~5.0.0"
    "rc-pagination" "~3.2.0"
    "rc-picker" "~3.1.1"
    "rc-progress" "~3.4.1"
    "rc-rate" "~2.9.0"
    "rc-resize-observer" "^1.2.0"
    "rc-segmented" "~2.1.0"
    "rc-select" "~14.2.0"
    "rc-slider" "~10.0.0"
    "rc-steps" "~6.0.0"
    "rc-switch" "~4.0.0"
    "rc-table" "~7.28.3"
    "rc-tabs" "~12.5.1"
    "rc-textarea" "~0.4.5"
    "rc-tooltip" "~5.2.0"
    "rc-tree" "~5.7.0"
    "rc-tree-select" "~5.6.0"
    "rc-trigger" "^5.2.10"
    "rc-upload" "~4.3.0"
    "rc-util" "^5.27.0"
    "scroll-into-view-if-needed" "^3.0.3"
    "throttle-debounce" "^5.0.0"

"array-tree-filter@^2.1.0":
  "integrity" "sha512-4ROwICNlNw/Hqa9v+rk5h22KjmzB1JGTMVKP2AKJBOCgb0yL0ASf0+YvCcLNNwquOHNX48jkeZIJ3a+oOQqKcw=="
  "resolved" "https://registry.npmjs.org/array-tree-filter/-/array-tree-filter-2.1.0.tgz"
  "version" "2.1.0"

"async-validator@^4.1.0":
  "integrity" "sha512-7HhHjtERjqlNbZtqNqy2rckN/SpOOlmDliet+lP7k+eKZEjPk3DgyeU9lIXLdeLz0uBbbVp+9Qdow9wJWgwwfg=="
  "resolved" "https://registry.npmjs.org/async-validator/-/async-validator-4.2.5.tgz"
  "version" "4.2.5"

"caniuse-lite@^1.0.30001406":
  "integrity" "sha512-OyxRR4Vof59I3yGWXws6i908EtGbMzVUi3ganaZQHmydk1iwDhRnvaPG2WaR0KcqrDFKrxVZHULT396LEPhXfg=="
  "resolved" "https://registry.npmjs.org/caniuse-lite/-/caniuse-lite-1.0.30001441.tgz"
  "version" "1.0.30001441"

"classnames@^2.2.1", "classnames@^2.2.3", "classnames@^2.2.5", "classnames@^2.2.6", "classnames@^2.3.1", "classnames@^2.3.2", "classnames@2.x":
  "integrity" "sha512-CSbhY4cFEJRe6/GQzIk5qXZ4Jeg5pcsP7b5peFSDpffpe1cqjASH/n9UTjBwOp6XpMSTwQ8Za2K5V02ueA7Tmw=="
  "resolved" "https://registry.npmjs.org/classnames/-/classnames-2.3.2.tgz"
  "version" "2.3.2"

"client-only@0.0.1":
  "integrity" "sha512-IV3Ou0jSMzZrd3pZ48nLkT9DA7Ag1pnPzaiQhpW7c3RbcqqzvzzVu+L8gfqMp/8IM2MQtSiqaCxrrcfu8I8rMA=="
  "resolved" "https://registry.npmjs.org/client-only/-/client-only-0.0.1.tgz"
  "version" "0.0.1"

"compute-scroll-into-view@^2.0.2":
  "integrity" "sha512-mj/AjC7WqXeVlUB6zUq5Qrivb6et0kyasDQcbCWLDusYUqaXng+BfOnhCdRqPOa5/dWNn5e9+u40H6w2BYRdNQ=="
  "resolved" "https://registry.npmjs.org/compute-scroll-into-view/-/compute-scroll-into-view-2.0.3.tgz"
  "version" "2.0.3"

"copy-to-clipboard@^3.2.0":
  "integrity" "sha512-2KV8NhB5JqC3ky0r9PMCAZKbUHSwtEo4CwCs0KXgruG43gX5PMqDEBbVU4OUzw2MuAWUfsuFmWvEKG5QRfSnJA=="
  "resolved" "https://registry.npmjs.org/copy-to-clipboard/-/copy-to-clipboard-3.3.3.tgz"
  "version" "3.3.3"
  dependencies:
    "toggle-selection" "^1.0.6"

"core-js@^3":
  "integrity" "sha512-9ashVQskuh5AZEZ1JdQWp1GqSoC1e1G87MzRqg2gIfVAQ7Qn9K+uFj8EcniUFA4P2NLZfV+TOlX1SzoKfo+s7w=="
  "resolved" "https://registry.npmjs.org/core-js/-/core-js-3.27.2.tgz"
  "version" "3.27.2"

"csstype@^3.0.10", "csstype@^3.0.2":
  "integrity" "sha512-DJR/VvkAvSZW9bTouZue2sSxDwdTN92uHjqeKVm+0dAqdfNykRzQ95tay8aXMBAAPpUiq4Qcug2L7neoRh2Egw=="
  "resolved" "https://registry.npmjs.org/csstype/-/csstype-3.1.1.tgz"
  "version" "3.1.1"

"dayjs@^1.11.1", "dayjs@>= 1.x":
  "integrity" "sha512-+Yw9U6YO5TQohxLcIkrXBeY73WP3ejHWVvx8XCk3gxvQDCTEmS48ZrSZCKciI7Bhl/uCMyxYtE9UqRILmFphkQ=="
  "resolved" "https://registry.npmjs.org/dayjs/-/dayjs-1.11.7.tgz"
  "version" "1.11.7"

"dom-align@^1.7.0":
  "integrity" "sha512-R8LUSEay/68zE5c8/3BDxiTEvgb4xZTF0RKmAHfiEVN3klfIpXfi2/QCoiWPccVQ0J/ZGdz9OjzL4uJEP/MRAw=="
  "resolved" "https://registry.npmjs.org/dom-align/-/dom-align-1.12.4.tgz"
  "version" "1.12.4"

"hoist-non-react-statics@^3.3.0", "hoist-non-react-statics@^3.3.2":
  "integrity" "sha512-/gGivxi8JPKWNm/W0jSmzcMPpfpPLc3dY/6GxhX2hQ9iGj3aDfklV4ET7NjKpSinLpJ5vafa9iiGIEZg10SfBw=="
  "resolved" "https://registry.npmjs.org/hoist-non-react-statics/-/hoist-non-react-statics-3.3.2.tgz"
  "version" "3.3.2"
  dependencies:
    "react-is" "^16.7.0"

"html-parse-stringify@^3.0.1":
  "integrity" "sha512-KknJ50kTInJ7qIScF3jeaFRpMpE8/lfiTdzf/twXyPBLAGrLRTmkz3AdTnKeh40X8k9L2fdYwEp/42WGXIRGcg=="
  "resolved" "https://registry.npmjs.org/html-parse-stringify/-/html-parse-stringify-3.0.1.tgz"
  "version" "3.0.1"
  dependencies:
    "void-elements" "3.1.0"

"i18next-fs-backend@^2.1.0":
  "integrity" "sha512-FTnj+UmNgT3YRml5ruRv0jMZDG7odOL/OP5PF5mOqvXud2vHrPOOs68Zdk6iqzL47cnnM0ZVkK2BAvpFeDJToA=="
  "resolved" "https://registry.npmjs.org/i18next-fs-backend/-/i18next-fs-backend-2.1.1.tgz"
  "version" "2.1.1"

"i18next@^22.0.6", "i18next@>= 19.0.0":
  "integrity" "sha512-8gWMmUz460KJDQp/ob3MNUX84cVuDRY9PLFPnV8d+Qezz/6dkjxwOaH70xjrCNDO+JrUL25iXfAIN9wUkInNZw=="
  "resolved" "https://registry.npmjs.org/i18next/-/i18next-22.4.9.tgz"
  "version" "22.4.9"
  dependencies:
    "@babel/runtime" "^7.20.6"

"js-tokens@^3.0.0 || ^4.0.0":
  "integrity" "sha512-RdJUflcE3cUzKiMqQgsCu06FPu9UdIJO0beYbPhHN4k6apgJtifcoCtT9bcxOpYBtpD2kCM6Sbzg4CausW/PKQ=="
  "resolved" "https://registry.npmjs.org/js-tokens/-/js-tokens-4.0.0.tgz"
  "version" "4.0.0"

"json2mq@^0.2.0":
  "integrity" "sha512-SzoRg7ux5DWTII9J2qkrZrqV1gt+rTaoufMxEzXbS26Uid0NwaJd123HcoB80TgubEppxxIGdNxCx50fEoEWQA=="
  "resolved" "https://registry.npmjs.org/json2mq/-/json2mq-0.2.0.tgz"
  "version" "0.2.0"
  dependencies:
    "string-convert" "^0.2.0"

"loose-envify@^1.1.0":
  "integrity" "sha512-lyuxPGr/Wfhrlem2CL/UcnUc1zcqKAImBDzukY7Y5F/yQiNdko6+fRLevlw1HgMySw7f611UIY408EtxRSoK3Q=="
  "resolved" "https://registry.npmjs.org/loose-envify/-/loose-envify-1.4.0.tgz"
  "version" "1.4.0"
  dependencies:
    "js-tokens" "^3.0.0 || ^4.0.0"

"nanoid@^3.3.4":
  "integrity" "sha512-MqBkQh/OHTS2egovRtLk45wEyNXwF+cokD+1YPf9u5VfJiRdAiRwB2froX5Co9Rh20xs4siNPm8naNotSD6RBw=="
  "resolved" "https://registry.npmjs.org/nanoid/-/nanoid-3.3.4.tgz"
  "version" "3.3.4"

"next-i18next@^13.0.3":
  "integrity" "sha512-7AA8J6WbkxRBtSf1+97LSAE7btxWZHsBIJEJ3FuTSBgYtpRiO5NGjcb8XbNAlz6yGU0TtS+yZE+/Wu83KhIT1Q=="
  "resolved" "https://registry.npmjs.org/next-i18next/-/next-i18next-13.0.3.tgz"
  "version" "13.0.3"
  dependencies:
    "@babel/runtime" "^7.20.6"
    "@types/hoist-non-react-statics" "^3.3.1"
    "core-js" "^3"
    "hoist-non-react-statics" "^3.3.2"
    "i18next-fs-backend" "^2.1.0"

"next@>= 12.0.0", "next@13.1.1":
  "integrity" "sha512-R5eBAaIa3X7LJeYvv1bMdGnAVF4fVToEjim7MkflceFPuANY3YyvFxXee/A+acrSYwYPvOvf7f6v/BM/48ea5w=="
  "resolved" "https://registry.npmjs.org/next/-/next-13.1.1.tgz"
  "version" "13.1.1"
  dependencies:
    "@next/env" "13.1.1"
    "@swc/helpers" "0.4.14"
    "caniuse-lite" "^1.0.30001406"
    "postcss" "8.4.14"
    "styled-jsx" "5.1.1"
  optionalDependencies:
    "@next/swc-android-arm-eabi" "13.1.1"
    "@next/swc-android-arm64" "13.1.1"
    "@next/swc-darwin-arm64" "13.1.1"
    "@next/swc-darwin-x64" "13.1.1"
    "@next/swc-freebsd-x64" "13.1.1"
    "@next/swc-linux-arm-gnueabihf" "13.1.1"
    "@next/swc-linux-arm64-gnu" "13.1.1"
    "@next/swc-linux-arm64-musl" "13.1.1"
    "@next/swc-linux-x64-gnu" "13.1.1"
    "@next/swc-linux-x64-musl" "13.1.1"
    "@next/swc-win32-arm64-msvc" "13.1.1"
    "@next/swc-win32-ia32-msvc" "13.1.1"
    "@next/swc-win32-x64-msvc" "13.1.1"

"picocolors@^1.0.0":
  "integrity" "sha512-1fygroTLlHu66zi26VoTDv8yRgm0Fccecssto+MhsZ0D/DGW2sm8E8AjW7NU5VVTRt5GxbeZ5qBuJr+HyLYkjQ=="
  "resolved" "https://registry.npmjs.org/picocolors/-/picocolors-1.0.0.tgz"
  "version" "1.0.0"

"postcss@8.4.14":
  "integrity" "sha512-E398TUmfAYFPBSdzgeieK2Y1+1cpdxJx8yXbK/m57nRhKSmk1GB2tO4lbLBtlkfPQTDKfe4Xqv1ASWPpayPEig=="
  "resolved" "https://registry.npmjs.org/postcss/-/postcss-8.4.14.tgz"
  "version" "8.4.14"
  dependencies:
    "nanoid" "^3.3.4"
    "picocolors" "^1.0.0"
    "source-map-js" "^1.0.2"

"qrcode.react@^3.1.0":
  "integrity" "sha512-oyF+Urr3oAMUG/OiOuONL3HXM+53wvuH3mtIWQrYmsXoAq0DkvZp2RYUWFSMFtbdOpuS++9v+WAkzNVkMlNW6Q=="
  "resolved" "https://registry.npmjs.org/qrcode.react/-/qrcode.react-3.1.0.tgz"
  "version" "3.1.0"

"rc-align@^4.0.0":
  "integrity" "sha512-wqJtVH60pka/nOX7/IspElA8gjPNQKIx/ZqJ6heATCkXpe1Zg4cPVrMD2vC96wjsFFL8WsmhPbx9tdMo1qqlIA=="
  "resolved" "https://registry.npmjs.org/rc-align/-/rc-align-4.0.15.tgz"
  "version" "4.0.15"
  dependencies:
    "@babel/runtime" "^7.10.1"
    "classnames" "2.x"
    "dom-align" "^1.7.0"
    "rc-util" "^5.26.0"
    "resize-observer-polyfill" "^1.5.1"

"rc-cascader@~3.8.0":
  "integrity" "sha512-zCz/NzsNRQ1TIfiR3rQNxjeRvgRHEkNdo0FjHQZ6Ay6n4tdCmMrM7+81ThNaf21JLQ1gS2AUG2t5uikGV78obA=="
  "resolved" "https://registry.npmjs.org/rc-cascader/-/rc-cascader-3.8.0.tgz"
  "version" "3.8.0"
  dependencies:
    "@babel/runtime" "^7.12.5"
    "array-tree-filter" "^2.1.0"
    "classnames" "^2.3.1"
    "rc-select" "~14.2.0"
    "rc-tree" "~5.7.0"
    "rc-util" "^5.6.1"

"rc-checkbox@~2.3.0":
  "integrity" "sha512-afVi1FYiGv1U0JlpNH/UaEXdh6WUJjcWokj/nUN2TgG80bfG+MDdbfHKlLcNNba94mbjy2/SXJ1HDgrOkXGAjg=="
  "resolved" "https://registry.npmjs.org/rc-checkbox/-/rc-checkbox-2.3.2.tgz"
  "version" "2.3.2"
  dependencies:
    "@babel/runtime" "^7.10.1"
    "classnames" "^2.2.1"

"rc-collapse@~3.4.2":
  "integrity" "sha512-jpTwLgJzkhAgp2Wpi3xmbTbbYExg6fkptL67Uu5LCRVEj6wqmy0DHTjjeynsjOLsppHGHu41t1ELntZ0lEvS/Q=="
  "resolved" "https://registry.npmjs.org/rc-collapse/-/rc-collapse-3.4.2.tgz"
  "version" "3.4.2"
  dependencies:
    "@babel/runtime" "^7.10.1"
    "classnames" "2.x"
    "rc-motion" "^2.3.4"
    "rc-util" "^5.2.1"
    "shallowequal" "^1.1.0"

"rc-dialog@~9.0.0", "rc-dialog@~9.0.2":
  "integrity" "sha512-s3U+24xWUuB6Bn2Lk/Qt6rufy+uT+QvWkiFhNBcO9APLxcFFczWamaq7x9h8SCuhfc1nHcW4y8NbMsnAjNnWyg=="
  "resolved" "https://registry.npmjs.org/rc-dialog/-/rc-dialog-9.0.2.tgz"
  "version" "9.0.2"
  dependencies:
    "@babel/runtime" "^7.10.1"
    "@rc-component/portal" "^1.0.0-8"
    "classnames" "^2.2.6"
    "rc-motion" "^2.3.0"
    "rc-util" "^5.21.0"

"rc-drawer@~6.1.1":
  "integrity" "sha512-mYsTVT8Amy0LRrpVEv7gI1hOjtfMSO/qHAaCDzFx9QBLnms3cAQLJkaxRWM+Eq99oyLhU/JkgoqTg13bc4ogOQ=="
  "resolved" "https://registry.npmjs.org/rc-drawer/-/rc-drawer-6.1.2.tgz"
  "version" "6.1.2"
  dependencies:
    "@babel/runtime" "^7.10.1"
    "@rc-component/portal" "^1.0.0-6"
    "classnames" "^2.2.6"
    "rc-motion" "^2.6.1"
    "rc-util" "^5.21.2"

"rc-dropdown@~4.0.0":
  "integrity" "sha512-OdpXuOcme1rm45cR0Jzgfl1otzmU4vuBVb+etXM8vcaULGokAKVpKlw8p6xzspG7jGd/XxShvq+N3VNEfk/l5g=="
  "resolved" "https://registry.npmjs.org/rc-dropdown/-/rc-dropdown-4.0.1.tgz"
  "version" "4.0.1"
  dependencies:
    "@babel/runtime" "^7.18.3"
    "classnames" "^2.2.6"
    "rc-trigger" "^5.3.1"
    "rc-util" "^5.17.0"

"rc-field-form@~1.27.0":
  "integrity" "sha512-HGqxHnmGQgkPApEcikV4qTg3BLPC82uB/cwBDftDt1pYaqitJfSl5TFTTUMKVEJVT5RqJ2Zi68ME1HmIMX2HAw=="
  "resolved" "https://registry.npmjs.org/rc-field-form/-/rc-field-form-1.27.3.tgz"
  "version" "1.27.3"
  dependencies:
    "@babel/runtime" "^7.18.0"
    "async-validator" "^4.1.0"
    "rc-util" "^5.8.0"

"rc-image@~5.13.0":
  "integrity" "sha512-iZTOmw5eWo2+gcrJMMcnd7SsxVHl3w5xlyCgsULUdJhJbnuI8i/AL0tVOsE7aLn9VfOh1qgDT3mC2G75/c7mqg=="
  "resolved" "https://registry.npmjs.org/rc-image/-/rc-image-5.13.0.tgz"
  "version" "5.13.0"
  dependencies:
    "@babel/runtime" "^7.11.2"
    "@rc-component/portal" "^1.0.2"
    "classnames" "^2.2.6"
    "rc-dialog" "~9.0.0"
    "rc-motion" "^2.6.2"
    "rc-util" "^5.0.6"

"rc-input-number@~7.4.0":
  "integrity" "sha512-r/Oub/sPYbzqLNUOHnnc9sbCu78a81KX+RCbRwmpvB4W6nptUySbdWS5KHV4Hak5CAE1LAd+wWm5JjvZizG1FA=="
  "resolved" "https://registry.npmjs.org/rc-input-number/-/rc-input-number-7.4.0.tgz"
  "version" "7.4.0"
  dependencies:
    "@babel/runtime" "^7.10.1"
    "@rc-component/mini-decimal" "^1.0.1"
    "classnames" "^2.2.5"
    "rc-util" "^5.23.0"

"rc-input@~0.1.4":
  "integrity" "sha512-FqDdNz+fV2dKNgfXzcSLKvC+jEs1709t7nD+WdfjrdSaOcefpgc7BUJYadc3usaING+b7ediMTfKxuJBsEFbXA=="
  "resolved" "https://registry.npmjs.org/rc-input/-/rc-input-0.1.4.tgz"
  "version" "0.1.4"
  dependencies:
    "@babel/runtime" "^7.11.1"
    "classnames" "^2.2.1"
    "rc-util" "^5.18.1"

"rc-mentions@~1.13.1":
  "integrity" "sha512-FCkaWw6JQygtOz0+Vxz/M/NWqrWHB9LwqlY2RtcuFqWJNFK9njijOOzTSsBGANliGufVUzx/xuPHmZPBV0+Hgw=="
  "resolved" "https://registry.npmjs.org/rc-mentions/-/rc-mentions-1.13.1.tgz"
  "version" "1.13.1"
  dependencies:
    "@babel/runtime" "^7.10.1"
    "classnames" "^2.2.6"
    "rc-menu" "~9.8.0"
    "rc-textarea" "^0.4.0"
    "rc-trigger" "^5.0.4"
    "rc-util" "^5.22.5"

"rc-menu@~9.8.0":
  "integrity" "sha512-179weouypfjWJSRvvoo/vPy+StojsMzK2XC5jRNhL1ryt/N/8wAFESte8K6jZJkNp9DHDLFTe+dCGmikKpiFuA=="
  "resolved" "https://registry.npmjs.org/rc-menu/-/rc-menu-9.8.1.tgz"
  "version" "9.8.1"
  dependencies:
    "@babel/runtime" "^7.10.1"
    "classnames" "2.x"
    "rc-motion" "^2.4.3"
    "rc-overflow" "^1.2.8"
    "rc-trigger" "^5.1.2"
    "rc-util" "^5.12.0"
    "shallowequal" "^1.1.0"

"rc-motion@^2.0.0", "rc-motion@^2.0.1", "rc-motion@^2.3.0", "rc-motion@^2.3.4", "rc-motion@^2.4.3", "rc-motion@^2.4.4", "rc-motion@^2.6.0", "rc-motion@^2.6.1", "rc-motion@^2.6.2":
  "integrity" "sha512-4w1FaX3dtV749P8GwfS4fYnFG4Rb9pxvCYPc/b2fw1cmlHJWNNgOFIz7ysiD+eOrzJSvnLJWlNQQncpNMXwwpg=="
  "resolved" "https://registry.npmjs.org/rc-motion/-/rc-motion-2.6.2.tgz"
  "version" "2.6.2"
  dependencies:
    "@babel/runtime" "^7.11.1"
    "classnames" "^2.2.1"
    "rc-util" "^5.21.0"

"rc-notification@~5.0.0":
  "integrity" "sha512-mTqMD5Uip1tJhX74opHrmC/CG1wtkxuCcaiCaPDFWPJ/o50OgYYi3nPV10Pwgb8mK8dqg9DDQKISWAcKmcVlXQ=="
  "resolved" "https://registry.npmjs.org/rc-notification/-/rc-notification-5.0.0.tgz"
  "version" "5.0.0"
  dependencies:
    "@babel/runtime" "^7.10.1"
    "classnames" "2.x"
    "rc-motion" "^2.6.0"
    "rc-util" "^5.20.1"

"rc-overflow@^1.0.0", "rc-overflow@^1.2.8":
  "integrity" "sha512-QJ0UItckWPQ37ZL1dMEBAdY1dhfTXFL9k6oTTcyydVwoUNMnMqCGqnRNA98axSr/OeDKqR6DVFyi8eA5RQI/uQ=="
  "resolved" "https://registry.npmjs.org/rc-overflow/-/rc-overflow-1.2.8.tgz"
  "version" "1.2.8"
  dependencies:
    "@babel/runtime" "^7.11.1"
    "classnames" "^2.2.1"
    "rc-resize-observer" "^1.0.0"
    "rc-util" "^5.19.2"

"rc-pagination@~3.2.0":
  "integrity" "sha512-5tIXjB670WwwcAJzAqp2J+cOBS9W3cH/WU1EiYwXljuZ4vtZXKlY2Idq8FZrnYBz8KhN3vwPo9CoV/SJS6SL1w=="
  "resolved" "https://registry.npmjs.org/rc-pagination/-/rc-pagination-3.2.0.tgz"
  "version" "3.2.0"
  dependencies:
    "@babel/runtime" "^7.10.1"
    "classnames" "^2.2.1"

"rc-picker@~3.1.1":
  "integrity" "sha512-4qANXNc3C02YENNQvun329zf9VLvSQ2W8RkKQRu8k1P+EtSGqe3klcAKCfz/1TuCiDvgRjJlzRmyZAkwvsbI8w=="
  "resolved" "https://registry.npmjs.org/rc-picker/-/rc-picker-3.1.4.tgz"
  "version" "3.1.4"
  dependencies:
    "@babel/runtime" "^7.10.1"
    "classnames" "^2.2.1"
    "rc-trigger" "^5.0.4"
    "rc-util" "^5.4.0"
    "shallowequal" "^1.1.0"

"rc-progress@~3.4.1":
  "integrity" "sha512-eAFDHXlk8aWpoXl0llrenPMt9qKHQXphxcVsnKs0FHC6eCSk1ebJtyaVjJUzKe0233ogiLDeEFK1Uihz3s67hw=="
  "resolved" "https://registry.npmjs.org/rc-progress/-/rc-progress-3.4.1.tgz"
  "version" "3.4.1"
  dependencies:
    "@babel/runtime" "^7.10.1"
    "classnames" "^2.2.6"
    "rc-util" "^5.16.1"

"rc-rate@~2.9.0":
  "integrity" "sha512-SaiZFyN8pe0Fgphv8t3+kidlej+cq/EALkAJAc3A0w0XcPaH2L1aggM8bhe1u6GAGuQNAoFvTLjw4qLPGRKV5g=="
  "resolved" "https://registry.npmjs.org/rc-rate/-/rc-rate-2.9.2.tgz"
  "version" "2.9.2"
  dependencies:
    "@babel/runtime" "^7.10.1"
    "classnames" "^2.2.5"
    "rc-util" "^5.0.1"

"rc-resize-observer@^1.0.0", "rc-resize-observer@^1.1.0", "rc-resize-observer@^1.2.0":
  "integrity" "sha512-g53PnWLeVOmt4XWkt2x+QlIdf/PhJSd7JqHhtMrUY370e7wJ+kxbgXicYqvENUcgFiiOiMCd07YsC2GNsoSbnA=="
  "resolved" "https://registry.npmjs.org/rc-resize-observer/-/rc-resize-observer-1.2.1.tgz"
  "version" "1.2.1"
  dependencies:
    "@babel/runtime" "^7.20.7"
    "classnames" "^2.2.1"
    "rc-util" "^5.27.0"
    "resize-observer-polyfill" "^1.5.1"

"rc-segmented@~2.1.0":
  "integrity" "sha512-hUlonro+pYoZcwrH6Vm56B2ftLfQh046hrwif/VwLIw1j3zGt52p5mREBwmeVzXnSwgnagpOpfafspzs1asjGw=="
  "resolved" "https://registry.npmjs.org/rc-segmented/-/rc-segmented-2.1.0.tgz"
  "version" "2.1.0"
  dependencies:
    "@babel/runtime" "^7.11.1"
    "classnames" "^2.2.1"
    "rc-motion" "^2.4.4"
    "rc-util" "^5.17.0"

"rc-select@~14.2.0":
  "integrity" "sha512-tvxHmbAA0EIhBkB7dyaRhcBUIWHocQbUFY/fBlezj2jg5p65a5VQ/UhBg2I9TA1wjpsr5CCx0ruZPkYcUMjDoQ=="
  "resolved" "https://registry.npmjs.org/rc-select/-/rc-select-14.2.0.tgz"
  "version" "14.2.0"
  dependencies:
    "@babel/runtime" "^7.10.1"
    "classnames" "2.x"
    "rc-motion" "^2.0.1"
    "rc-overflow" "^1.0.0"
    "rc-trigger" "^5.0.4"
    "rc-util" "^5.16.1"
    "rc-virtual-list" "^3.4.13"

"rc-slider@~10.0.0":
  "integrity" "sha512-igTKF3zBet7oS/3yNiIlmU8KnZ45npmrmHlUUio8PNbIhzMcsh+oE/r2UD42Y6YD2D/s+kzCQkzQrPD6RY435Q=="
  "resolved" "https://registry.npmjs.org/rc-slider/-/rc-slider-10.0.1.tgz"
  "version" "10.0.1"
  dependencies:
    "@babel/runtime" "^7.10.1"
    "classnames" "^2.2.5"
    "rc-util" "^5.18.1"
    "shallowequal" "^1.1.0"

"rc-steps@~6.0.0":
  "integrity" "sha512-+KfMZIty40mYCQSDvYbZ1jwnuObLauTiIskT1hL4FFOBHP6ZOr8LK0m143yD3kEN5XKHSEX1DIwCj3AYZpoeNQ=="
  "resolved" "https://registry.npmjs.org/rc-steps/-/rc-steps-6.0.0.tgz"
  "version" "6.0.0"
  dependencies:
    "@babel/runtime" "^7.16.7"
    "classnames" "^2.2.3"
    "rc-util" "^5.16.1"

"rc-switch@~4.0.0":
  "integrity" "sha512-IfrYC99vN0gKaTyjQdqYuADU0eH00SAFHg3jOp8HrmUpJruhV1SohJzrCbPqPraZeX/6X/QKkdLfkdnUub05WA=="
  "resolved" "https://registry.npmjs.org/rc-switch/-/rc-switch-4.0.0.tgz"
  "version" "4.0.0"
  dependencies:
    "@babel/runtime" "^7.10.1"
    "classnames" "^2.2.1"
    "rc-util" "^5.0.1"

"rc-table@~7.28.3":
  "integrity" "sha512-jiPtBDqcs0wF0KOJgkhDgxN6+vq4jHbteddE15IR6RajlVkAk+kRIecyBY28b+vg199yQiu/NGuSRKJKEGOWBQ=="
  "resolved" "https://registry.npmjs.org/rc-table/-/rc-table-7.28.3.tgz"
  "version" "7.28.3"
  dependencies:
    "@babel/runtime" "^7.10.1"
    "classnames" "^2.2.5"
    "rc-resize-observer" "^1.1.0"
    "rc-util" "^5.22.5"
    "shallowequal" "^1.1.0"

"rc-tabs@~12.5.1":
  "integrity" "sha512-Y0k+JK4IN2cr0+MstkYK6MryvURhUc8JvHDCXujbUA6zHVTnWeTikOspGgvHPrlfZRl7WS+DPyMdEFE6RwlueQ=="
  "resolved" "https://registry.npmjs.org/rc-tabs/-/rc-tabs-12.5.5.tgz"
  "version" "12.5.5"
  dependencies:
    "@babel/runtime" "^7.11.2"
    "classnames" "2.x"
    "rc-dropdown" "~4.0.0"
    "rc-menu" "~9.8.0"
    "rc-motion" "^2.6.2"
    "rc-resize-observer" "^1.0.0"
    "rc-util" "^5.16.0"

"rc-textarea@^0.4.0", "rc-textarea@~0.4.5":
  "integrity" "sha512-IQPd1CDI3mnMlkFyzt2O4gQ2lxUsnBAeJEoZGJnkkXgORNqyM9qovdrCj9NzcRfpHgLdzaEbU3AmobNFGUznwQ=="
  "resolved" "https://registry.npmjs.org/rc-textarea/-/rc-textarea-0.4.7.tgz"
  "version" "0.4.7"
  dependencies:
    "@babel/runtime" "^7.10.1"
    "classnames" "^2.2.1"
    "rc-resize-observer" "^1.0.0"
    "rc-util" "^5.24.4"
    "shallowequal" "^1.1.0"

"rc-tooltip@~5.2.0":
  "integrity" "sha512-jtQzU/18S6EI3lhSGoDYhPqNpWajMtS5VV/ld1LwyfrDByQpYmw/LW6U7oFXXLukjfDHQ7Ju705A82PRNFWYhg=="
  "resolved" "https://registry.npmjs.org/rc-tooltip/-/rc-tooltip-5.2.2.tgz"
  "version" "5.2.2"
  dependencies:
    "@babel/runtime" "^7.11.2"
    "classnames" "^2.3.1"
    "rc-trigger" "^5.0.0"

"rc-tree-select@~5.6.0":
  "integrity" "sha512-XG6pu0a9l6+mzhQqUYfR2VIONbe/3LjVc3wKt28k6uBMZsI1j+SSxRyt/7jWRq8Kok8jHJBQASlDg6ehr9Sp0w=="
  "resolved" "https://registry.npmjs.org/rc-tree-select/-/rc-tree-select-5.6.0.tgz"
  "version" "5.6.0"
  dependencies:
    "@babel/runtime" "^7.10.1"
    "classnames" "2.x"
    "rc-select" "~14.2.0"
    "rc-tree" "~5.7.0"
    "rc-util" "^5.16.1"

"rc-tree@~5.7.0":
  "integrity" "sha512-nmnL6qLnfwVckO5zoqKL2I9UhwDqzyCtjITQCkwhimyz1zfuFkG5ZPIXpzD/Guzso94qQA/QrMsvzic5W6QDjg=="
  "resolved" "https://registry.npmjs.org/rc-tree/-/rc-tree-5.7.2.tgz"
  "version" "5.7.2"
  dependencies:
    "@babel/runtime" "^7.10.1"
    "classnames" "2.x"
    "rc-motion" "^2.0.1"
    "rc-util" "^5.16.1"
    "rc-virtual-list" "^3.4.8"

"rc-trigger@^5.0.0", "rc-trigger@^5.0.4", "rc-trigger@^5.1.2", "rc-trigger@^5.2.10", "rc-trigger@^5.3.1", "rc-trigger@^5.3.4":
  "integrity" "sha512-mQv+vas0TwKcjAO2izNPkqR4j86OemLRmvL2nOzdP9OWNWA1ivoTt5hzFqYNW9zACwmTezRiN8bttrC7cZzYSw=="
  "resolved" "https://registry.npmjs.org/rc-trigger/-/rc-trigger-5.3.4.tgz"
  "version" "5.3.4"
  dependencies:
    "@babel/runtime" "^7.18.3"
    "classnames" "^2.2.6"
    "rc-align" "^4.0.0"
    "rc-motion" "^2.0.0"
    "rc-util" "^5.19.2"

"rc-upload@~4.3.0":
  "integrity" "sha512-uVbtHFGNjHG/RyAfm9fluXB6pvArAGyAx8z7XzXXyorEgVIWj6mOlriuDm0XowDHYz4ycNK0nE0oP3cbFnzxiQ=="
  "resolved" "https://registry.npmjs.org/rc-upload/-/rc-upload-4.3.4.tgz"
  "version" "4.3.4"
  dependencies:
    "@babel/runtime" "^7.18.3"
    "classnames" "^2.2.5"
    "rc-util" "^5.2.0"

"rc-util@^5.0.1", "rc-util@^5.0.6", "rc-util@^5.12.0", "rc-util@^5.15.0", "rc-util@^5.16.0", "rc-util@^5.16.1", "rc-util@^5.17.0", "rc-util@^5.18.1", "rc-util@^5.19.2", "rc-util@^5.2.0", "rc-util@^5.2.1", "rc-util@^5.20.1", "rc-util@^5.21.0", "rc-util@^5.21.2", "rc-util@^5.22.5", "rc-util@^5.23.0", "rc-util@^5.24.4", "rc-util@^5.26.0", "rc-util@^5.27.0", "rc-util@^5.4.0", "rc-util@^5.6.1", "rc-util@^5.8.0", "rc-util@^5.9.4":
  "integrity" "sha512-PsjHA+f+KBCz+YTZxrl3ukJU5RoNKoe3KSNMh0xGiISbR67NaM9E9BiMjCwxa3AcCUOg/rZ+V0ZKLSimAA+e3w=="
  "resolved" "https://registry.npmjs.org/rc-util/-/rc-util-5.27.1.tgz"
  "version" "5.27.1"
  dependencies:
    "@babel/runtime" "^7.18.3"
    "react-is" "^16.12.0"

"rc-virtual-list@^3.4.13", "rc-virtual-list@^3.4.8":
  "integrity" "sha512-cPOVDmcNM7rH6ANotanMDilW/55XnFPw0Jh/GQYtrzZSy3AmWvCnqVNyNC/pgg3lfVmX2994dlzAhuUrd4jG7w=="
  "resolved" "https://registry.npmjs.org/rc-virtual-list/-/rc-virtual-list-3.4.13.tgz"
  "version" "3.4.13"
  dependencies:
    "@babel/runtime" "^7.20.0"
    "classnames" "^2.2.6"
    "rc-resize-observer" "^1.0.0"
    "rc-util" "^5.15.0"

"react-dom@*", "react-dom@^18.2.0", "react-dom@>=16.0.0", "react-dom@>=16.11.0", "react-dom@>=16.9.0", "react-dom@18.2.0":
  "integrity" "sha512-6IMTriUmvsjHUjNtEDudZfuDQUoWXVxKHhlEGSk81n4YFS+r/Kl99wXiwlVXtPBtJenozv2P+hxDsw9eA7Xo6g=="
  "resolved" "https://registry.npmjs.org/react-dom/-/react-dom-18.2.0.tgz"
  "version" "18.2.0"
  dependencies:
    "loose-envify" "^1.1.0"
    "scheduler" "^0.23.0"

"react-i18next@^12.1.1":
  "integrity" "sha512-XQND7jYtgM7ht5PH3yIZljCRpAMTlH/zmngM9ZjToqa+0BR6xuu8c7QF0WIIOEjcMTB2S3iOfpN/xG/ZrAnO6g=="
  "resolved" "https://registry.npmjs.org/react-i18next/-/react-i18next-12.1.4.tgz"
  "version" "12.1.4"
  dependencies:
    "@babel/runtime" "^7.20.6"
    "html-parse-stringify" "^3.0.1"

"react-icons@^4.7.1":
  "integrity" "sha512-yHd3oKGMgm7zxo3EA7H2n7vxSoiGmHk5t6Ou4bXsfcgWyhfDKMpyKfhHR6Bjnn63c+YXBLBPUql9H4wPJM6sXw=="
  "resolved" "https://registry.npmjs.org/react-icons/-/react-icons-4.7.1.tgz"
  "version" "4.7.1"

"react-is@^16.12.0", "react-is@^16.7.0":
  "integrity" "sha512-24e6ynE2H+OKt4kqsOvNd8kBpV65zoxbA4BVsEOB3ARVWQki/DHzaUoC5KuON/BiccDaCCTZBuOcfZs70kR8bQ=="
  "resolved" "https://registry.npmjs.org/react-is/-/react-is-16.13.1.tgz"
  "version" "16.13.1"

"react@*", "react@^16.8.0 || ^17.0.0 || ^18.0.0", "react@^18.2.0", "react@>= 16.8.0", "react@>= 16.8.0 || 17.x.x || ^18.0.0-0", "react@>= 17.0.2", "react@>=16.0.0", "react@>=16.11.0", "react@>=16.9.0", "react@18.2.0":
  "integrity" "sha512-/3IjMdb2L9QbBdWiW5e3P2/npwMBaU9mHCSCUzNln0ZCYbcfTsGbTJrU/kGemdH2IWmB2ioZ+zkxtmq6g09fGQ=="
  "resolved" "https://registry.npmjs.org/react/-/react-18.2.0.tgz"
  "version" "18.2.0"
  dependencies:
    "loose-envify" "^1.1.0"

"regenerator-runtime@^0.13.11":
  "integrity" "sha512-kY1AZVr2Ra+t+piVaJ4gxaFaReZVH40AKNo7UCX6W+dEwBo/2oZJzqfuN1qLq1oL45o56cPaTXELwrTh8Fpggg=="
  "resolved" "https://registry.npmjs.org/regenerator-runtime/-/regenerator-runtime-0.13.11.tgz"
  "version" "0.13.11"

"resize-observer-polyfill@^1.5.1":
  "integrity" "sha512-LwZrotdHOo12nQuZlHEmtuXdqGoOD0OhaxopaNFxWzInpEgaLWoVuAMbTzixuosCx2nEG58ngzW3vxdWoxIgdg=="
  "resolved" "https://registry.npmjs.org/resize-observer-polyfill/-/resize-observer-polyfill-1.5.1.tgz"
  "version" "1.5.1"

"scheduler@^0.23.0":
  "integrity" "sha512-CtuThmgHNg7zIZWAXi3AsyIzA3n4xx7aNyjwC2VJldO2LMVDhFK+63xGqq6CsJH4rTAt6/M+N4GhZiDYPx9eUw=="
  "resolved" "https://registry.npmjs.org/scheduler/-/scheduler-0.23.0.tgz"
  "version" "0.23.0"
  dependencies:
    "loose-envify" "^1.1.0"

"scroll-into-view-if-needed@^3.0.3":
  "integrity" "sha512-QoCH0lVw0tbA7Rl6sToH7e1tO3n95Oi6JgBgC8hEpNNZUC91MfasJ/4E1ZdbzGueNDZ+Y7ObfRaelKUgTyPbJA=="
  "resolved" "https://registry.npmjs.org/scroll-into-view-if-needed/-/scroll-into-view-if-needed-3.0.3.tgz"
  "version" "3.0.3"
  dependencies:
    "compute-scroll-into-view" "^2.0.2"

"shallowequal@^1.1.0":
  "integrity" "sha512-y0m1JoUZSlPAjXVtPPW70aZWfIL/dSP7AFkRnniLCrK/8MDKog3TySTBmckD+RObVxH0v4Tox67+F14PdED2oQ=="
  "resolved" "https://registry.npmjs.org/shallowequal/-/shallowequal-1.1.0.tgz"
  "version" "1.1.0"

"source-map-js@^1.0.2":
  "integrity" "sha512-R0XvVJ9WusLiqTCEiGCmICCMplcCkIwwR11mOSD9CR5u+IXYdiseeEuXCVAjS54zqwkLcPNnmU4OeJ6tUrWhDw=="
  "resolved" "https://registry.npmjs.org/source-map-js/-/source-map-js-1.0.2.tgz"
  "version" "1.0.2"

"string-convert@^0.2.0":
  "integrity" "sha512-u/1tdPl4yQnPBjnVrmdLo9gtuLvELKsAoRapekWggdiQNvvvum+jYF329d84NAa660KQw7pB2n36KrIKVoXa3A=="
  "resolved" "https://registry.npmjs.org/string-convert/-/string-convert-0.2.1.tgz"
  "version" "0.2.1"

"styled-jsx@5.1.1":
  "integrity" "sha512-pW7uC1l4mBZ8ugbiZrcIsiIvVx1UmTfw7UkC3Um2tmfUq9Bhk8IiyEIPl6F8agHgjzku6j0xQEZbfA5uSgSaCw=="
  "resolved" "https://registry.npmjs.org/styled-jsx/-/styled-jsx-5.1.1.tgz"
  "version" "5.1.1"
  dependencies:
    "client-only" "0.0.1"

"stylis@^4.0.13":
  "integrity" "sha512-GP6WDNWf+o403jrEp9c5jibKavrtLW+/qYGhFxFrG8maXhwTBI7gLLhiBb0o7uFccWN+EOS9aMO6cGHWAO07OA=="
  "resolved" "https://registry.npmjs.org/stylis/-/stylis-4.1.3.tgz"
  "version" "4.1.3"

"throttle-debounce@^5.0.0":
  "integrity" "sha512-2iQTSgkkc1Zyk0MeVrt/3BvuOXYPl/R8Z0U2xxo9rjwNciaHDG3R+Lm6dh4EeUci49DanvBnuqI6jshoQQRGEg=="
  "resolved" "https://registry.npmjs.org/throttle-debounce/-/throttle-debounce-5.0.0.tgz"
  "version" "5.0.0"

"toggle-selection@^1.0.6":
  "integrity" "sha512-BiZS+C1OS8g/q2RRbJmy59xpyghNBqrr6k5L/uKBGRsTfxmu3ffiRnd8mlGPUVayg8pvfi5urfnu8TU7DVOkLQ=="
  "resolved" "https://registry.npmjs.org/toggle-selection/-/toggle-selection-1.0.6.tgz"
  "version" "1.0.6"

"tslib@^2.4.0":
  "integrity" "sha512-tGyy4dAjRIEwI7BzsB0lynWgOpfqjUdq91XXAlIWD2OwKBH7oCl/GZG/HT4BOHrTlPMOASlMQ7veyTqpmRcrNA=="
  "resolved" "https://registry.npmjs.org/tslib/-/tslib-2.4.1.tgz"
  "version" "2.4.1"

"void-elements@3.1.0":
  "integrity" "sha512-Dhxzh5HZuiHQhbvTW9AMetFfBHDMYpo23Uo9btPXgdYP+3T5S+p+jgNy7spra+veYhBP2dCSgxR/i2Y02h5/6w=="
  "resolved" "https://registry.npmjs.org/void-elements/-/void-elements-3.1.0.tgz"
  "version" "3.1.0"
